// !$*UTF8*$!
{
	archiveVersion = 1;
	classes = {
	};
	objectVersion = 54;
	objects = {

/* Begin PBXBuildFile section */
		003FA85F25B39597005DC6B2 /* ResponsePageViewController.swift in Sources */ = {isa = PBXBuildFile; fileRef = 003FA85E25B39597005DC6B2 /* ResponsePageViewController.swift */; };
		003FA8C325B4C8C9005DC6B2 /* DirectPayViewController.swift in Sources */ = {isa = PBXBuildFile; fileRef = 003FA8C225B4C8C9005DC6B2 /* DirectPayViewController.swift */; };
		0045A44325AD0A9F00349167 /* CustomPayFortView-ar.xib in Resources */ = {isa = PBXBuildFile; fileRef = 0045A44225AD0A9F00349167 /* CustomPayFortView-ar.xib */; };
		0057922F27303F460002F87B /* PayFortSDK.framework in Frameworks */ = {isa = PBXBuildFile; fileRef = 0057922E27303F460002F87B /* PayFortSDK.framework */; };
		005F86FD259D236700AA4BA6 /* MainObjectiveCViewController.m in Sources */ = {isa = PBXBuildFile; fileRef = 005F86FC259D236700AA4BA6 /* MainObjectiveCViewController.m */; };
		009DAC8825817398008DDB56 /* SdkTokenSettingViewController.swift in Sources */ = {isa = PBXBuildFile; fileRef = 009DAC8725817398008DDB56 /* SdkTokenSettingViewController.swift */; };
		009DAC8B258173B8008DDB56 /* ApplePaySettingViewController.swift in Sources */ = {isa = PBXBuildFile; fileRef = 009DAC8A258173B8008DDB56 /* ApplePaySettingViewController.swift */; };
		009DAC8E2581744F008DDB56 /* PaymentSettingsViewController.swift in Sources */ = {isa = PBXBuildFile; fileRef = 009DAC8D2581744F008DDB56 /* PaymentSettingsViewController.swift */; };
		009DAC9C25817660008DDB56 /* GlobalClass.swift in Sources */ = {isa = PBXBuildFile; fileRef = 009DAC9B25817660008DDB56 /* GlobalClass.swift */; };
		00C6F7972582E85700F5A837 /* MainViewController.swift in Sources */ = {isa = PBXBuildFile; fileRef = 00C6F7962582E85700F5A837 /* MainViewController.swift */; };
		00C6F7A425839D1200F5A837 /* ExtraParam.swift in Sources */ = {isa = PBXBuildFile; fileRef = 00C6F7A325839D1200F5A837 /* ExtraParam.swift */; };
		00D26A502583B09A00FD0E97 /* ExtraParamCell.swift in Sources */ = {isa = PBXBuildFile; fileRef = 00D26A4E2583B09A00FD0E97 /* ExtraParamCell.swift */; };
		00D26A512583B09A00FD0E97 /* ExtraParamCell.xib in Resources */ = {isa = PBXBuildFile; fileRef = 00D26A4F2583B09A00FD0E97 /* ExtraParamCell.xib */; };
		00D26A542583B6AF00FD0E97 /* TableViewDataSource.swift in Sources */ = {isa = PBXBuildFile; fileRef = 00D26A532583B6AF00FD0E97 /* TableViewDataSource.swift */; };
		00D26AA425855B0E00FD0E97 /* ApplePay.swift in Sources */ = {isa = PBXBuildFile; fileRef = 00D26AA325855B0E00FD0E97 /* ApplePay.swift */; };
		00D4AFE225BF76B000AF24A2 /* SelectCustomPaymentTypeVC.swift in Sources */ = {isa = PBXBuildFile; fileRef = 00D4AFE125BF76B000AF24A2 /* SelectCustomPaymentTypeVC.swift */; };
		00D4AFE525BF7F4400AF24A2 /* HalfCardViewController.swift in Sources */ = {isa = PBXBuildFile; fileRef = 00D4AFE425BF7F4400AF24A2 /* HalfCardViewController.swift */; };
		21FB474D7BB3B429246C85A7 /* Pods_SampleApp.framework in Frameworks */ = {isa = PBXBuildFile; fileRef = 68D050B8F5988CD917DA81FC /* Pods_SampleApp.framework */; };
		22604575250B9C3B007191B2 /* AppDelegate.swift in Sources */ = {isa = PBXBuildFile; fileRef = 22604574250B9C3B007191B2 /* AppDelegate.swift */; };
		22604577250B9C3B007191B2 /* SceneDelegate.swift in Sources */ = {isa = PBXBuildFile; fileRef = 22604576250B9C3B007191B2 /* SceneDelegate.swift */; };
		22604579250B9C3B007191B2 /* ViewController.swift in Sources */ = {isa = PBXBuildFile; fileRef = 22604578250B9C3B007191B2 /* ViewController.swift */; };
		2260457C250B9C3B007191B2 /* Main.storyboard in Resources */ = {isa = PBXBuildFile; fileRef = 2260457A250B9C3B007191B2 /* Main.storyboard */; };
		2260457E250B9C3E007191B2 /* Assets.xcassets in Resources */ = {isa = PBXBuildFile; fileRef = 2260457D250B9C3E007191B2 /* Assets.xcassets */; };
		22604581250B9C3E007191B2 /* LaunchScreen.storyboard in Resources */ = {isa = PBXBuildFile; fileRef = 2260457F250B9C3E007191B2 /* LaunchScreen.storyboard */; };
		2260458C250B9C3E007191B2 /* SampleAppTests.swift in Sources */ = {isa = PBXBuildFile; fileRef = 2260458B250B9C3E007191B2 /* SampleAppTests.swift */; };
		229C092F259003C200AD4D6C /* CustomCardViewController.swift in Sources */ = {isa = PBXBuildFile; fileRef = 229C092E259003C200AD4D6C /* CustomCardViewController.swift */; };
		22B65C15259E5B1E00CB9461 /* CustomPayFortView.xib in Resources */ = {isa = PBXBuildFile; fileRef = 22B65C14259E5B1E00CB9461 /* CustomPayFortView.xib */; };
		3D5DB79E29C078C800A37AF4 /* STCPay.swift in Sources */ = {isa = PBXBuildFile; fileRef = 3D5DB79D29C078C800A37AF4 /* STCPay.swift */; };
		E9EA08336BFB26AFD4DA5F3D /* Pods_SampleAppTests.framework in Frameworks */ = {isa = PBXBuildFile; fileRef = BA304BC230189E8B98A3BD50 /* Pods_SampleAppTests.framework */; };
/* End PBXBuildFile section */

/* Begin PBXContainerItemProxy section */
		22604588250B9C3E007191B2 /* PBXContainerItemProxy */ = {
			isa = PBXContainerItemProxy;
			containerPortal = 22604569250B9C3B007191B2 /* Project object */;
			proxyType = 1;
			remoteGlobalIDString = 22604570250B9C3B007191B2;
			remoteInfo = SampleApp;
		};
/* End PBXContainerItemProxy section */

/* Begin PBXFileReference section */
		003FA85E25B39597005DC6B2 /* ResponsePageViewController.swift */ = {isa = PBXFileReference; lastKnownFileType = sourcecode.swift; path = ResponsePageViewController.swift; sourceTree = "<group>"; };
		003FA8C225B4C8C9005DC6B2 /* DirectPayViewController.swift */ = {isa = PBXFileReference; lastKnownFileType = sourcecode.swift; path = DirectPayViewController.swift; sourceTree = "<group>"; };
		0045A44225AD0A9F00349167 /* CustomPayFortView-ar.xib */ = {isa = PBXFileReference; fileEncoding = 4; lastKnownFileType = file.xib; path = "CustomPayFortView-ar.xib"; sourceTree = "<group>"; };
		0057922E27303F460002F87B /* PayFortSDK.framework */ = {isa = PBXFileReference; explicitFileType = wrapper.framework; path = PayFortSDK.framework; sourceTree = BUILT_PRODUCTS_DIR; };
		005F86FA259D236600AA4BA6 /* SampleApp-Bridging-Header.h */ = {isa = PBXFileReference; lastKnownFileType = sourcecode.c.h; path = "SampleApp-Bridging-Header.h"; sourceTree = "<group>"; };
		005F86FB259D236700AA4BA6 /* MainObjectiveCViewController.h */ = {isa = PBXFileReference; lastKnownFileType = sourcecode.c.h; path = MainObjectiveCViewController.h; sourceTree = "<group>"; };
		005F86FC259D236700AA4BA6 /* MainObjectiveCViewController.m */ = {isa = PBXFileReference; lastKnownFileType = sourcecode.c.objc; path = MainObjectiveCViewController.m; sourceTree = "<group>"; };
		009DAC8725817398008DDB56 /* SdkTokenSettingViewController.swift */ = {isa = PBXFileReference; lastKnownFileType = sourcecode.swift; path = SdkTokenSettingViewController.swift; sourceTree = "<group>"; };
		009DAC8A258173B8008DDB56 /* ApplePaySettingViewController.swift */ = {isa = PBXFileReference; lastKnownFileType = sourcecode.swift; path = ApplePaySettingViewController.swift; sourceTree = "<group>"; };
		009DAC8D2581744F008DDB56 /* PaymentSettingsViewController.swift */ = {isa = PBXFileReference; lastKnownFileType = sourcecode.swift; path = PaymentSettingsViewController.swift; sourceTree = "<group>"; };
		009DAC9B25817660008DDB56 /* GlobalClass.swift */ = {isa = PBXFileReference; lastKnownFileType = sourcecode.swift; path = GlobalClass.swift; sourceTree = "<group>"; };
		00A8D6E72588014D005D32E2 /* SampleApp.entitlements */ = {isa = PBXFileReference; lastKnownFileType = text.plist.entitlements; path = SampleApp.entitlements; sourceTree = "<group>"; };
		00C6F7962582E85700F5A837 /* MainViewController.swift */ = {isa = PBXFileReference; lastKnownFileType = sourcecode.swift; path = MainViewController.swift; sourceTree = "<group>"; };
		00C6F7A325839D1200F5A837 /* ExtraParam.swift */ = {isa = PBXFileReference; lastKnownFileType = sourcecode.swift; path = ExtraParam.swift; sourceTree = "<group>"; };
		00D26A4E2583B09A00FD0E97 /* ExtraParamCell.swift */ = {isa = PBXFileReference; lastKnownFileType = sourcecode.swift; path = ExtraParamCell.swift; sourceTree = "<group>"; };
		00D26A4F2583B09A00FD0E97 /* ExtraParamCell.xib */ = {isa = PBXFileReference; lastKnownFileType = file.xib; path = ExtraParamCell.xib; sourceTree = "<group>"; };
		00D26A532583B6AF00FD0E97 /* TableViewDataSource.swift */ = {isa = PBXFileReference; fileEncoding = 4; lastKnownFileType = sourcecode.swift; path = TableViewDataSource.swift; sourceTree = "<group>"; };
		00D26AA325855B0E00FD0E97 /* ApplePay.swift */ = {isa = PBXFileReference; lastKnownFileType = sourcecode.swift; path = ApplePay.swift; sourceTree = "<group>"; };
		00D4AFE125BF76B000AF24A2 /* SelectCustomPaymentTypeVC.swift */ = {isa = PBXFileReference; lastKnownFileType = sourcecode.swift; path = SelectCustomPaymentTypeVC.swift; sourceTree = "<group>"; };
		00D4AFE425BF7F4400AF24A2 /* HalfCardViewController.swift */ = {isa = PBXFileReference; fileEncoding = 4; lastKnownFileType = sourcecode.swift; path = HalfCardViewController.swift; sourceTree = "<group>"; };
		00F5AFAE25EED6C50052F5E1 /* PayFortSDK.framework */ = {isa = PBXFileReference; lastKnownFileType = wrapper.framework; name = PayFortSDK.framework; path = "../../../../../Library/Developer/Xcode/DerivedData/PayFort-fkplevgculoyxzabulwxjyovvtav/Build/Products/Debug-iphoneos/PayFortSDK.framework"; sourceTree = "<group>"; };
		04A78A655D8CAC3B2296468A /* Pods-SampleAppTests.debug.xcconfig */ = {isa = PBXFileReference; includeInIndex = 1; lastKnownFileType = text.xcconfig; name = "Pods-SampleAppTests.debug.xcconfig"; path = "Target Support Files/Pods-SampleAppTests/Pods-SampleAppTests.debug.xcconfig"; sourceTree = "<group>"; };
		22604571250B9C3B007191B2 /* SampleApp.app */ = {isa = PBXFileReference; explicitFileType = wrapper.application; includeInIndex = 0; path = SampleApp.app; sourceTree = BUILT_PRODUCTS_DIR; };
		22604574250B9C3B007191B2 /* AppDelegate.swift */ = {isa = PBXFileReference; lastKnownFileType = sourcecode.swift; path = AppDelegate.swift; sourceTree = "<group>"; };
		22604576250B9C3B007191B2 /* SceneDelegate.swift */ = {isa = PBXFileReference; lastKnownFileType = sourcecode.swift; path = SceneDelegate.swift; sourceTree = "<group>"; };
		22604578250B9C3B007191B2 /* ViewController.swift */ = {isa = PBXFileReference; lastKnownFileType = sourcecode.swift; path = ViewController.swift; sourceTree = "<group>"; };
		2260457B250B9C3B007191B2 /* Base */ = {isa = PBXFileReference; lastKnownFileType = file.storyboard; name = Base; path = Base.lproj/Main.storyboard; sourceTree = "<group>"; };
		2260457D250B9C3E007191B2 /* Assets.xcassets */ = {isa = PBXFileReference; lastKnownFileType = folder.assetcatalog; path = Assets.xcassets; sourceTree = "<group>"; };
		22604580250B9C3E007191B2 /* Base */ = {isa = PBXFileReference; lastKnownFileType = file.storyboard; name = Base; path = Base.lproj/LaunchScreen.storyboard; sourceTree = "<group>"; };
		22604582250B9C3E007191B2 /* Info.plist */ = {isa = PBXFileReference; lastKnownFileType = text.plist.xml; path = Info.plist; sourceTree = "<group>"; };
		22604587250B9C3E007191B2 /* SampleAppTests.xctest */ = {isa = PBXFileReference; explicitFileType = wrapper.cfbundle; includeInIndex = 0; path = SampleAppTests.xctest; sourceTree = BUILT_PRODUCTS_DIR; };
		2260458B250B9C3E007191B2 /* SampleAppTests.swift */ = {isa = PBXFileReference; lastKnownFileType = sourcecode.swift; path = SampleAppTests.swift; sourceTree = "<group>"; };
		2260458D250B9C3E007191B2 /* Info.plist */ = {isa = PBXFileReference; lastKnownFileType = text.plist.xml; path = Info.plist; sourceTree = "<group>"; };
		229C092E259003C200AD4D6C /* CustomCardViewController.swift */ = {isa = PBXFileReference; lastKnownFileType = sourcecode.swift; path = CustomCardViewController.swift; sourceTree = "<group>"; };
		22B65C14259E5B1E00CB9461 /* CustomPayFortView.xib */ = {isa = PBXFileReference; lastKnownFileType = file.xib; path = CustomPayFortView.xib; sourceTree = "<group>"; };
		3D4AD49D2B4EBF3100BD434C /* PayFortSDK.xcframework */ = {isa = PBXFileReference; lastKnownFileType = wrapper.xcframework; name = PayFortSDK.xcframework; path = ../PayFortSDK.xcframework; sourceTree = "<group>"; };
		3D5DB79D29C078C800A37AF4 /* STCPay.swift */ = {isa = PBXFileReference; lastKnownFileType = sourcecode.swift; path = STCPay.swift; sourceTree = "<group>"; };
		68D050B8F5988CD917DA81FC /* Pods_SampleApp.framework */ = {isa = PBXFileReference; explicitFileType = wrapper.framework; includeInIndex = 0; path = Pods_SampleApp.framework; sourceTree = BUILT_PRODUCTS_DIR; };
		BA304BC230189E8B98A3BD50 /* Pods_SampleAppTests.framework */ = {isa = PBXFileReference; explicitFileType = wrapper.framework; includeInIndex = 0; path = Pods_SampleAppTests.framework; sourceTree = BUILT_PRODUCTS_DIR; };
		CA2462AF21F7FA79C71D72C2 /* Pods-SampleApp.release.xcconfig */ = {isa = PBXFileReference; includeInIndex = 1; lastKnownFileType = text.xcconfig; name = "Pods-SampleApp.release.xcconfig"; path = "Target Support Files/Pods-SampleApp/Pods-SampleApp.release.xcconfig"; sourceTree = "<group>"; };
		E55F1D1E43F306C70129664F /* Pods-SampleAppTests.release.xcconfig */ = {isa = PBXFileReference; includeInIndex = 1; lastKnownFileType = text.xcconfig; name = "Pods-SampleAppTests.release.xcconfig"; path = "Target Support Files/Pods-SampleAppTests/Pods-SampleAppTests.release.xcconfig"; sourceTree = "<group>"; };
		F00718E6A7698358B504E799 /* Pods-SampleApp.debug.xcconfig */ = {isa = PBXFileReference; includeInIndex = 1; lastKnownFileType = text.xcconfig; name = "Pods-SampleApp.debug.xcconfig"; path = "Target Support Files/Pods-SampleApp/Pods-SampleApp.debug.xcconfig"; sourceTree = "<group>"; };
/* End PBXFileReference section */

/* Begin PBXFrameworksBuildPhase section */
		2260456E250B9C3B007191B2 /* Frameworks */ = {
			isa = PBXFrameworksBuildPhase;
			buildActionMask = 2147483647;
			files = (
				0057922F27303F460002F87B /* PayFortSDK.framework in Frameworks */,
				21FB474D7BB3B429246C85A7 /* Pods_SampleApp.framework in Frameworks */,
			);
			runOnlyForDeploymentPostprocessing = 0;
		};
		22604584250B9C3E007191B2 /* Frameworks */ = {
			isa = PBXFrameworksBuildPhase;
			buildActionMask = 2147483647;
			files = (
				E9EA08336BFB26AFD4DA5F3D /* Pods_SampleAppTests.framework in Frameworks */,
			);
			runOnlyForDeploymentPostprocessing = 0;
		};
/* End PBXFrameworksBuildPhase section */

/* Begin PBXGroup section */
		005F86F9259D22E700AA4BA6 /* Objective C */ = {
			isa = PBXGroup;
			children = (
				005F86FB259D236700AA4BA6 /* MainObjectiveCViewController.h */,
				005F86FC259D236700AA4BA6 /* MainObjectiveCViewController.m */,
				005F86FA259D236600AA4BA6 /* SampleApp-Bridging-Header.h */,
			);
			path = "Objective C";
			sourceTree = "<group>";
		};
		009DAC8625817375008DDB56 /* Settings */ = {
			isa = PBXGroup;
			children = (
				009DAC8725817398008DDB56 /* SdkTokenSettingViewController.swift */,
				009DAC8A258173B8008DDB56 /* ApplePaySettingViewController.swift */,
				009DAC8D2581744F008DDB56 /* PaymentSettingsViewController.swift */,
			);
			path = Settings;
			sourceTree = "<group>";
		};
		009DAC9925817604008DDB56 /* Controllers */ = {
			isa = PBXGroup;
			children = (
				005F86F9259D22E700AA4BA6 /* Objective C */,
				00C6F78F2582D4BA00F5A837 /* Main */,
				009DAC8625817375008DDB56 /* Settings */,
			);
			path = Controllers;
			sourceTree = "<group>";
		};
		009DAC9A2581761E008DDB56 /* Common */ = {
			isa = PBXGroup;
			children = (
				00D26A532583B6AF00FD0E97 /* TableViewDataSource.swift */,
				009DAC9B25817660008DDB56 /* GlobalClass.swift */,
				00C6F7A325839D1200F5A837 /* ExtraParam.swift */,
			);
			path = Common;
			sourceTree = "<group>";
		};
		00C6F78F2582D4BA00F5A837 /* Main */ = {
			isa = PBXGroup;
			children = (
				00D26A4D2583B07800FD0E97 /* cell */,
				00C6F7962582E85700F5A837 /* MainViewController.swift */,
				229C092E259003C200AD4D6C /* CustomCardViewController.swift */,
				00D4AFE425BF7F4400AF24A2 /* HalfCardViewController.swift */,
				00D26AA325855B0E00FD0E97 /* ApplePay.swift */,
				003FA85E25B39597005DC6B2 /* ResponsePageViewController.swift */,
				003FA8C225B4C8C9005DC6B2 /* DirectPayViewController.swift */,
				00D4AFE125BF76B000AF24A2 /* SelectCustomPaymentTypeVC.swift */,
				3D5DB79D29C078C800A37AF4 /* STCPay.swift */,
			);
			path = Main;
			sourceTree = "<group>";
		};
		00D26A4D2583B07800FD0E97 /* cell */ = {
			isa = PBXGroup;
			children = (
				00D26A4E2583B09A00FD0E97 /* ExtraParamCell.swift */,
				00D26A4F2583B09A00FD0E97 /* ExtraParamCell.xib */,
			);
			path = cell;
			sourceTree = "<group>";
		};
		00F18FFE2592844F0011E124 /* Recovered References */ = {
			isa = PBXGroup;
			children = (
			);
			name = "Recovered References";
			sourceTree = "<group>";
		};
		22604568250B9C3B007191B2 = {
			isa = PBXGroup;
			children = (
				22604573250B9C3B007191B2 /* SampleApp */,
				2260458A250B9C3E007191B2 /* SampleAppTests */,
				22604572250B9C3B007191B2 /* Products */,
				9932490B951DB273F2FDAB2D /* Frameworks */,
				00F18FFE2592844F0011E124 /* Recovered References */,
				67E7B1F47160DE42D1488394 /* Pods */,
			);
			sourceTree = "<group>";
		};
		22604572250B9C3B007191B2 /* Products */ = {
			isa = PBXGroup;
			children = (
				22604571250B9C3B007191B2 /* SampleApp.app */,
				22604587250B9C3E007191B2 /* SampleAppTests.xctest */,
			);
			name = Products;
			sourceTree = "<group>";
		};
		22604573250B9C3B007191B2 /* SampleApp */ = {
			isa = PBXGroup;
			children = (
				00A8D6E72588014D005D32E2 /* SampleApp.entitlements */,
				009DAC9A2581761E008DDB56 /* Common */,
				009DAC9925817604008DDB56 /* Controllers */,
				22604574250B9C3B007191B2 /* AppDelegate.swift */,
				22604576250B9C3B007191B2 /* SceneDelegate.swift */,
				22604578250B9C3B007191B2 /* ViewController.swift */,
				22B65C14259E5B1E00CB9461 /* CustomPayFortView.xib */,
				0045A44225AD0A9F00349167 /* CustomPayFortView-ar.xib */,
				2260457A250B9C3B007191B2 /* Main.storyboard */,
				2260457D250B9C3E007191B2 /* Assets.xcassets */,
				2260457F250B9C3E007191B2 /* LaunchScreen.storyboard */,
				22604582250B9C3E007191B2 /* Info.plist */,
			);
			path = SampleApp;
			sourceTree = "<group>";
		};
		2260458A250B9C3E007191B2 /* SampleAppTests */ = {
			isa = PBXGroup;
			children = (
				2260458B250B9C3E007191B2 /* SampleAppTests.swift */,
				2260458D250B9C3E007191B2 /* Info.plist */,
			);
			path = SampleAppTests;
			sourceTree = "<group>";
		};
		67E7B1F47160DE42D1488394 /* Pods */ = {
			isa = PBXGroup;
			children = (
				F00718E6A7698358B504E799 /* Pods-SampleApp.debug.xcconfig */,
				CA2462AF21F7FA79C71D72C2 /* Pods-SampleApp.release.xcconfig */,
				04A78A655D8CAC3B2296468A /* Pods-SampleAppTests.debug.xcconfig */,
				E55F1D1E43F306C70129664F /* Pods-SampleAppTests.release.xcconfig */,
			);
			path = Pods;
			sourceTree = "<group>";
		};
		9932490B951DB273F2FDAB2D /* Frameworks */ = {
			isa = PBXGroup;
			children = (
				00F5AFAE25EED6C50052F5E1 /* PayFortSDK.framework */,
				3D4AD49D2B4EBF3100BD434C /* PayFortSDK.xcframework */,
				0057922E27303F460002F87B /* PayFortSDK.framework */,
				68D050B8F5988CD917DA81FC /* Pods_SampleApp.framework */,
				BA304BC230189E8B98A3BD50 /* Pods_SampleAppTests.framework */,
			);
			name = Frameworks;
			sourceTree = "<group>";
		};
/* End PBXGroup section */

/* Begin PBXNativeTarget section */
		22604570250B9C3B007191B2 /* SampleApp */ = {
			isa = PBXNativeTarget;
			buildConfigurationList = 22604590250B9C3E007191B2 /* Build configuration list for PBXNativeTarget "SampleApp" */;
			buildPhases = (
				EDE268F19F25673CC569279F /* [CP] Check Pods Manifest.lock */,
				2260456D250B9C3B007191B2 /* Sources */,
				2260456E250B9C3B007191B2 /* Frameworks */,
				2260456F250B9C3B007191B2 /* Resources */,
				1423BC9323D235EB992B9E4A /* [CP] Embed Pods Frameworks */,
			);
			buildRules = (
			);
			dependencies = (
			);
			name = SampleApp;
			productName = SampleApp;
			productReference = 22604571250B9C3B007191B2 /* SampleApp.app */;
			productType = "com.apple.product-type.application";
		};
		22604586250B9C3E007191B2 /* SampleAppTests */ = {
			isa = PBXNativeTarget;
			buildConfigurationList = 22604593250B9C3E007191B2 /* Build configuration list for PBXNativeTarget "SampleAppTests" */;
			buildPhases = (
				982A863D51C797E600EBD757 /* [CP] Check Pods Manifest.lock */,
				22604583250B9C3E007191B2 /* Sources */,
				22604584250B9C3E007191B2 /* Frameworks */,
				22604585250B9C3E007191B2 /* Resources */,
			);
			buildRules = (
			);
			dependencies = (
				22604589250B9C3E007191B2 /* PBXTargetDependency */,
			);
			name = SampleAppTests;
			productName = SampleAppTests;
			productReference = 22604587250B9C3E007191B2 /* SampleAppTests.xctest */;
			productType = "com.apple.product-type.bundle.unit-test";
		};
/* End PBXNativeTarget section */

/* Begin PBXProject section */
		22604569250B9C3B007191B2 /* Project object */ = {
			isa = PBXProject;
			attributes = {
				BuildIndependentTargetsInParallel = YES;
				LastSwiftUpdateCheck = 1130;
				LastUpgradeCheck = 1520;
				ORGANIZATIONNAME = PayFort;
				TargetAttributes = {
					22604570250B9C3B007191B2 = {
						CreatedOnToolsVersion = 11.3.1;
						LastSwiftMigration = 1220;
					};
					22604586250B9C3E007191B2 = {
						CreatedOnToolsVersion = 11.3.1;
						TestTargetID = 22604570250B9C3B007191B2;
					};
				};
			};
			buildConfigurationList = 2260456C250B9C3B007191B2 /* Build configuration list for PBXProject "SampleApp" */;
			compatibilityVersion = "Xcode 9.3";
			developmentRegion = en;
			hasScannedForEncodings = 0;
			knownRegions = (
				en,
				Base,
			);
			mainGroup = 22604568250B9C3B007191B2;
			productRefGroup = 22604572250B9C3B007191B2 /* Products */;
			projectDirPath = "";
			projectRoot = "";
			targets = (
				22604570250B9C3B007191B2 /* SampleApp */,
				22604586250B9C3E007191B2 /* SampleAppTests */,
			);
		};
/* End PBXProject section */

/* Begin PBXResourcesBuildPhase section */
		2260456F250B9C3B007191B2 /* Resources */ = {
			isa = PBXResourcesBuildPhase;
			buildActionMask = 2147483647;
			files = (
				0045A44325AD0A9F00349167 /* CustomPayFortView-ar.xib in Resources */,
				00D26A512583B09A00FD0E97 /* ExtraParamCell.xib in Resources */,
				22604581250B9C3E007191B2 /* LaunchScreen.storyboard in Resources */,
				22B65C15259E5B1E00CB9461 /* CustomPayFortView.xib in Resources */,
				2260457E250B9C3E007191B2 /* Assets.xcassets in Resources */,
				2260457C250B9C3B007191B2 /* Main.storyboard in Resources */,
			);
			runOnlyForDeploymentPostprocessing = 0;
		};
		22604585250B9C3E007191B2 /* Resources */ = {
			isa = PBXResourcesBuildPhase;
			buildActionMask = 2147483647;
			files = (
			);
			runOnlyForDeploymentPostprocessing = 0;
		};
/* End PBXResourcesBuildPhase section */

/* Begin PBXShellScriptBuildPhase section */
		1423BC9323D235EB992B9E4A /* [CP] Embed Pods Frameworks */ = {
			isa = PBXShellScriptBuildPhase;
			buildActionMask = 2147483647;
			files = (
			);
			inputFileListPaths = (
				"${PODS_ROOT}/Target Support Files/Pods-SampleApp/Pods-SampleApp-frameworks-${CONFIGURATION}-input-files.xcfilelist",
			);
			name = "[CP] Embed Pods Frameworks";
			outputFileListPaths = (
				"${PODS_ROOT}/Target Support Files/Pods-SampleApp/Pods-SampleApp-frameworks-${CONFIGURATION}-output-files.xcfilelist",
			);
			runOnlyForDeploymentPostprocessing = 0;
			shellPath = /bin/sh;
			shellScript = "\"${PODS_ROOT}/Target Support Files/Pods-SampleApp/Pods-SampleApp-frameworks.sh\"\n";
			showEnvVarsInLog = 0;
		};
		982A863D51C797E600EBD757 /* [CP] Check Pods Manifest.lock */ = {
			isa = PBXShellScriptBuildPhase;
			buildActionMask = 2147483647;
			files = (
			);
			inputFileListPaths = (
			);
			inputPaths = (
				"${PODS_PODFILE_DIR_PATH}/Podfile.lock",
				"${PODS_ROOT}/Manifest.lock",
			);
			name = "[CP] Check Pods Manifest.lock";
			outputFileListPaths = (
			);
			outputPaths = (
				"$(DERIVED_FILE_DIR)/Pods-SampleAppTests-checkManifestLockResult.txt",
			);
			runOnlyForDeploymentPostprocessing = 0;
			shellPath = /bin/sh;
			shellScript = "diff \"${PODS_PODFILE_DIR_PATH}/Podfile.lock\" \"${PODS_ROOT}/Manifest.lock\" > /dev/null\nif [ $? != 0 ] ; then\n    # print error to STDERR\n    echo \"error: The sandbox is not in sync with the Podfile.lock. Run 'pod install' or update your CocoaPods installation.\" >&2\n    exit 1\nfi\n# This output is used by Xcode 'outputs' to avoid re-running this script phase.\necho \"SUCCESS\" > \"${SCRIPT_OUTPUT_FILE_0}\"\n";
			showEnvVarsInLog = 0;
		};
		EDE268F19F25673CC569279F /* [CP] Check Pods Manifest.lock */ = {
			isa = PBXShellScriptBuildPhase;
			buildActionMask = 2147483647;
			files = (
			);
			inputFileListPaths = (
			);
			inputPaths = (
				"${PODS_PODFILE_DIR_PATH}/Podfile.lock",
				"${PODS_ROOT}/Manifest.lock",
			);
			name = "[CP] Check Pods Manifest.lock";
			outputFileListPaths = (
			);
			outputPaths = (
				"$(DERIVED_FILE_DIR)/Pods-SampleApp-checkManifestLockResult.txt",
			);
			runOnlyForDeploymentPostprocessing = 0;
			shellPath = /bin/sh;
			shellScript = "diff \"${PODS_PODFILE_DIR_PATH}/Podfile.lock\" \"${PODS_ROOT}/Manifest.lock\" > /dev/null\nif [ $? != 0 ] ; then\n    # print error to STDERR\n    echo \"error: The sandbox is not in sync with the Podfile.lock. Run 'pod install' or update your CocoaPods installation.\" >&2\n    exit 1\nfi\n# This output is used by Xcode 'outputs' to avoid re-running this script phase.\necho \"SUCCESS\" > \"${SCRIPT_OUTPUT_FILE_0}\"\n";
			showEnvVarsInLog = 0;
		};
/* End PBXShellScriptBuildPhase section */

/* Begin PBXSourcesBuildPhase section */
		2260456D250B9C3B007191B2 /* Sources */ = {
			isa = PBXSourcesBuildPhase;
			buildActionMask = 2147483647;
			files = (
				009DAC9C25817660008DDB56 /* GlobalClass.swift in Sources */,
				00D26A502583B09A00FD0E97 /* ExtraParamCell.swift in Sources */,
				003FA85F25B39597005DC6B2 /* ResponsePageViewController.swift in Sources */,
				22604579250B9C3B007191B2 /* ViewController.swift in Sources */,
				003FA8C325B4C8C9005DC6B2 /* DirectPayViewController.swift in Sources */,
				00D4AFE525BF7F4400AF24A2 /* HalfCardViewController.swift in Sources */,
				009DAC8B258173B8008DDB56 /* ApplePaySettingViewController.swift in Sources */,
				229C092F259003C200AD4D6C /* CustomCardViewController.swift in Sources */,
				00C6F7A425839D1200F5A837 /* ExtraParam.swift in Sources */,
				00D26A542583B6AF00FD0E97 /* TableViewDataSource.swift in Sources */,
				009DAC8825817398008DDB56 /* SdkTokenSettingViewController.swift in Sources */,
				22604575250B9C3B007191B2 /* AppDelegate.swift in Sources */,
				005F86FD259D236700AA4BA6 /* MainObjectiveCViewController.m in Sources */,
				3D5DB79E29C078C800A37AF4 /* STCPay.swift in Sources */,
				22604577250B9C3B007191B2 /* SceneDelegate.swift in Sources */,
				00C6F7972582E85700F5A837 /* MainViewController.swift in Sources */,
				00D4AFE225BF76B000AF24A2 /* SelectCustomPaymentTypeVC.swift in Sources */,
				009DAC8E2581744F008DDB56 /* PaymentSettingsViewController.swift in Sources */,
				00D26AA425855B0E00FD0E97 /* ApplePay.swift in Sources */,
			);
			runOnlyForDeploymentPostprocessing = 0;
		};
		22604583250B9C3E007191B2 /* Sources */ = {
			isa = PBXSourcesBuildPhase;
			buildActionMask = 2147483647;
			files = (
				2260458C250B9C3E007191B2 /* SampleAppTests.swift in Sources */,
			);
			runOnlyForDeploymentPostprocessing = 0;
		};
/* End PBXSourcesBuildPhase section */

/* Begin PBXTargetDependency section */
		22604589250B9C3E007191B2 /* PBXTargetDependency */ = {
			isa = PBXTargetDependency;
			target = 22604570250B9C3B007191B2 /* SampleApp */;
			targetProxy = 22604588250B9C3E007191B2 /* PBXContainerItemProxy */;
		};
/* End PBXTargetDependency section */

/* Begin PBXVariantGroup section */
		2260457A250B9C3B007191B2 /* Main.storyboard */ = {
			isa = PBXVariantGroup;
			children = (
				2260457B250B9C3B007191B2 /* Base */,
			);
			name = Main.storyboard;
			sourceTree = "<group>";
		};
		2260457F250B9C3E007191B2 /* LaunchScreen.storyboard */ = {
			isa = PBXVariantGroup;
			children = (
				22604580250B9C3E007191B2 /* Base */,
			);
			name = LaunchScreen.storyboard;
			sourceTree = "<group>";
		};
/* End PBXVariantGroup section */

/* Begin XCBuildConfiguration section */
		2260458E250B9C3E007191B2 /* Debug */ = {
			isa = XCBuildConfiguration;
			buildSettings = {
				ALWAYS_SEARCH_USER_PATHS = NO;
				CLANG_ANALYZER_NONNULL = YES;
				CLANG_ANALYZER_NUMBER_OBJECT_CONVERSION = YES_AGGRESSIVE;
				CLANG_CXX_LANGUAGE_STANDARD = "gnu++14";
				CLANG_CXX_LIBRARY = "libc++";
				CLANG_ENABLE_MODULES = YES;
				CLANG_ENABLE_OBJC_ARC = YES;
				CLANG_ENABLE_OBJC_WEAK = YES;
				CLANG_WARN_BLOCK_CAPTURE_AUTORELEASING = YES;
				CLANG_WARN_BOOL_CONVERSION = YES;
				CLANG_WARN_COMMA = YES;
				CLANG_WARN_CONSTANT_CONVERSION = YES;
				CLANG_WARN_DEPRECATED_OBJC_IMPLEMENTATIONS = YES;
				CLANG_WARN_DIRECT_OBJC_ISA_USAGE = YES_ERROR;
				CLANG_WARN_DOCUMENTATION_COMMENTS = YES;
				CLANG_WARN_EMPTY_BODY = YES;
				CLANG_WARN_ENUM_CONVERSION = YES;
				CLANG_WARN_INFINITE_RECURSION = YES;
				CLANG_WARN_INT_CONVERSION = YES;
				CLANG_WARN_NON_LITERAL_NULL_CONVERSION = YES;
				CLANG_WARN_OBJC_IMPLICIT_RETAIN_SELF = YES;
				CLANG_WARN_OBJC_LITERAL_CONVERSION = YES;
				CLANG_WARN_OBJC_ROOT_CLASS = YES_ERROR;
				CLANG_WARN_QUOTED_INCLUDE_IN_FRAMEWORK_HEADER = YES;
				CLANG_WARN_RANGE_LOOP_ANALYSIS = YES;
				CLANG_WARN_STRICT_PROTOTYPES = YES;
				CLANG_WARN_SUSPICIOUS_MOVE = YES;
				CLANG_WARN_UNGUARDED_AVAILABILITY = YES_AGGRESSIVE;
				CLANG_WARN_UNREACHABLE_CODE = YES;
				CLANG_WARN__DUPLICATE_METHOD_MATCH = YES;
				COPY_PHASE_STRIP = NO;
				DEBUG_INFORMATION_FORMAT = dwarf;
				ENABLE_STRICT_OBJC_MSGSEND = YES;
				ENABLE_TESTABILITY = YES;
				ENABLE_USER_SCRIPT_SANDBOXING = NO;
				GCC_C_LANGUAGE_STANDARD = gnu11;
				GCC_DYNAMIC_NO_PIC = NO;
				GCC_NO_COMMON_BLOCKS = YES;
				GCC_OPTIMIZATION_LEVEL = 0;
				GCC_PREPROCESSOR_DEFINITIONS = (
					"DEBUG=1",
					"$(inherited)",
				);
				GCC_WARN_64_TO_32_BIT_CONVERSION = YES;
				GCC_WARN_ABOUT_RETURN_TYPE = YES_ERROR;
				GCC_WARN_UNDECLARED_SELECTOR = YES;
				GCC_WARN_UNINITIALIZED_AUTOS = YES_AGGRESSIVE;
				GCC_WARN_UNUSED_FUNCTION = YES;
				GCC_WARN_UNUSED_VARIABLE = YES;
				IPHONEOS_DEPLOYMENT_TARGET = 13.2;
				MTL_ENABLE_DEBUG_INFO = INCLUDE_SOURCE;
				MTL_FAST_MATH = YES;
				ONLY_ACTIVE_ARCH = YES;
				SDKROOT = iphoneos;
				SWIFT_ACTIVE_COMPILATION_CONDITIONS = DEBUG;
				SWIFT_OPTIMIZATION_LEVEL = "-Onone";
			};
			name = Debug;
		};
		2260458F250B9C3E007191B2 /* Release */ = {
			isa = XCBuildConfiguration;
			buildSettings = {
				ALWAYS_SEARCH_USER_PATHS = NO;
				CLANG_ANALYZER_NONNULL = YES;
				CLANG_ANALYZER_NUMBER_OBJECT_CONVERSION = YES_AGGRESSIVE;
				CLANG_CXX_LANGUAGE_STANDARD = "gnu++14";
				CLANG_CXX_LIBRARY = "libc++";
				CLANG_ENABLE_MODULES = YES;
				CLANG_ENABLE_OBJC_ARC = YES;
				CLANG_ENABLE_OBJC_WEAK = YES;
				CLANG_WARN_BLOCK_CAPTURE_AUTORELEASING = YES;
				CLANG_WARN_BOOL_CONVERSION = YES;
				CLANG_WARN_COMMA = YES;
				CLANG_WARN_CONSTANT_CONVERSION = YES;
				CLANG_WARN_DEPRECATED_OBJC_IMPLEMENTATIONS = YES;
				CLANG_WARN_DIRECT_OBJC_ISA_USAGE = YES_ERROR;
				CLANG_WARN_DOCUMENTATION_COMMENTS = YES;
				CLANG_WARN_EMPTY_BODY = YES;
				CLANG_WARN_ENUM_CONVERSION = YES;
				CLANG_WARN_INFINITE_RECURSION = YES;
				CLANG_WARN_INT_CONVERSION = YES;
				CLANG_WARN_NON_LITERAL_NULL_CONVERSION = YES;
				CLANG_WARN_OBJC_IMPLICIT_RETAIN_SELF = YES;
				CLANG_WARN_OBJC_LITERAL_CONVERSION = YES;
				CLANG_WARN_OBJC_ROOT_CLASS = YES_ERROR;
				CLANG_WARN_QUOTED_INCLUDE_IN_FRAMEWORK_HEADER = YES;
				CLANG_WARN_RANGE_LOOP_ANALYSIS = YES;
				CLANG_WARN_STRICT_PROTOTYPES = YES;
				CLANG_WARN_SUSPICIOUS_MOVE = YES;
				CLANG_WARN_UNGUARDED_AVAILABILITY = YES_AGGRESSIVE;
				CLANG_WARN_UNREACHABLE_CODE = YES;
				CLANG_WARN__DUPLICATE_METHOD_MATCH = YES;
				COPY_PHASE_STRIP = NO;
				DEBUG_INFORMATION_FORMAT = "dwarf-with-dsym";
				ENABLE_NS_ASSERTIONS = NO;
				ENABLE_STRICT_OBJC_MSGSEND = YES;
				ENABLE_USER_SCRIPT_SANDBOXING = NO;
				GCC_C_LANGUAGE_STANDARD = gnu11;
				GCC_NO_COMMON_BLOCKS = YES;
				GCC_WARN_64_TO_32_BIT_CONVERSION = YES;
				GCC_WARN_ABOUT_RETURN_TYPE = YES_ERROR;
				GCC_WARN_UNDECLARED_SELECTOR = YES;
				GCC_WARN_UNINITIALIZED_AUTOS = YES_AGGRESSIVE;
				GCC_WARN_UNUSED_FUNCTION = YES;
				GCC_WARN_UNUSED_VARIABLE = YES;
				IPHONEOS_DEPLOYMENT_TARGET = 13.2;
				MTL_ENABLE_DEBUG_INFO = NO;
				MTL_FAST_MATH = YES;
				SDKROOT = iphoneos;
				SWIFT_COMPILATION_MODE = wholemodule;
				SWIFT_OPTIMIZATION_LEVEL = "-O";
				VALIDATE_PRODUCT = YES;
			};
			name = Release;
		};
		22604591250B9C3E007191B2 /* Debug */ = {
			isa = XCBuildConfiguration;
			baseConfigurationReference = F00718E6A7698358B504E799 /* Pods-SampleApp.debug.xcconfig */;
			buildSettings = {
				ASSETCATALOG_COMPILER_APPICON_NAME = AppIcon;
				CLANG_ENABLE_CODE_COVERAGE = NO;
				CLANG_ENABLE_MODULES = YES;
				CODE_SIGN_ENTITLEMENTS = SampleApp/SampleApp.entitlements;
				CODE_SIGN_IDENTITY = "Apple Development";
				CODE_SIGN_STYLE = Automatic;
				DEVELOPMENT_TEAM = 2YP9LJHD24;
				FRAMEWORK_SEARCH_PATHS = (
					"$(inherited)",
					"$(PROJECT_DIR)",
				);
				INFOPLIST_FILE = SampleApp/Info.plist;
				LD_RUNPATH_SEARCH_PATHS = (
					"$(inherited)",
					"@executable_path/Frameworks",
				);
				PRODUCT_BUNDLE_IDENTIFIER = com.payfort.test.stcpay;
				PRODUCT_NAME = "$(TARGET_NAME)";
				PROVISIONING_PROFILE_SPECIFIER = "";
				SWIFT_OBJC_BRIDGING_HEADER = "SampleApp/Controllers/Objective C/SampleApp-Bridging-Header.h";
				SWIFT_OPTIMIZATION_LEVEL = "-Onone";
				SWIFT_VERSION = 5.0;
				TARGETED_DEVICE_FAMILY = "1,2";
			};
			name = Debug;
		};
		22604592250B9C3E007191B2 /* Release */ = {
			isa = XCBuildConfiguration;
			baseConfigurationReference = CA2462AF21F7FA79C71D72C2 /* Pods-SampleApp.release.xcconfig */;
			buildSettings = {
				ASSETCATALOG_COMPILER_APPICON_NAME = AppIcon;
				CLANG_ENABLE_CODE_COVERAGE = NO;
				CLANG_ENABLE_MODULES = YES;
				CODE_SIGN_ENTITLEMENTS = SampleApp/SampleApp.entitlements;
				CODE_SIGN_IDENTITY = "Apple Development";
				CODE_SIGN_STYLE = Automatic;
				DEVELOPMENT_TEAM = 2YP9LJHD24;
				FRAMEWORK_SEARCH_PATHS = (
					"$(inherited)",
					"$(PROJECT_DIR)",
				);
				INFOPLIST_FILE = SampleApp/Info.plist;
				LD_RUNPATH_SEARCH_PATHS = (
					"$(inherited)",
					"@executable_path/Frameworks",
				);
				PRODUCT_BUNDLE_IDENTIFIER = com.payfort.test.stcpay;
				PRODUCT_NAME = "$(TARGET_NAME)";
				PROVISIONING_PROFILE_SPECIFIER = "";
				SWIFT_OBJC_BRIDGING_HEADER = "SampleApp/Controllers/Objective C/SampleApp-Bridging-Header.h";
				SWIFT_VERSION = 5.0;
				TARGETED_DEVICE_FAMILY = "1,2";
			};
			name = Release;
		};
		22604594250B9C3E007191B2 /* Debug */ = {
			isa = XCBuildConfiguration;
			baseConfigurationReference = 04A78A655D8CAC3B2296468A /* Pods-SampleAppTests.debug.xcconfig */;
			buildSettings = {
				ALWAYS_EMBED_SWIFT_STANDARD_LIBRARIES = YES;
				BUNDLE_LOADER = "$(TEST_HOST)";
				CODE_SIGN_STYLE = Automatic;
				DEVELOPMENT_TEAM = 7KLC3DMM55;
				INFOPLIST_FILE = SampleAppTests/Info.plist;
				IPHONEOS_DEPLOYMENT_TARGET = 13.2;
				LD_RUNPATH_SEARCH_PATHS = (
					"$(inherited)",
					"@executable_path/Frameworks",
					"@loader_path/Frameworks",
				);
				PRODUCT_BUNDLE_IDENTIFIER = PayFort.SampleAppTests;
				PRODUCT_NAME = "$(TARGET_NAME)";
				SWIFT_VERSION = 5.0;
				TARGETED_DEVICE_FAMILY = "1,2";
				TEST_HOST = "$(BUILT_PRODUCTS_DIR)/SampleApp.app/SampleApp";
			};
			name = Debug;
		};
		22604595250B9C3E007191B2 /* Release */ = {
			isa = XCBuildConfiguration;
			baseConfigurationReference = E55F1D1E43F306C70129664F /* Pods-SampleAppTests.release.xcconfig */;
			buildSettings = {
				ALWAYS_EMBED_SWIFT_STANDARD_LIBRARIES = YES;
				BUNDLE_LOADER = "$(TEST_HOST)";
				CODE_SIGN_STYLE = Automatic;
				DEVELOPMENT_TEAM = 7KLC3DMM55;
				INFOPLIST_FILE = SampleAppTests/Info.plist;
				IPHONEOS_DEPLOYMENT_TARGET = 13.2;
				LD_RUNPATH_SEARCH_PATHS = (
					"$(inherited)",
					"@executable_path/Frameworks",
					"@loader_path/Frameworks",
				);
				PRODUCT_BUNDLE_IDENTIFIER = PayFort.SampleAppTests;
				PRODUCT_NAME = "$(TARGET_NAME)";
				SWIFT_VERSION = 5.0;
				TARGETED_DEVICE_FAMILY = "1,2";
				TEST_HOST = "$(BUILT_PRODUCTS_DIR)/SampleApp.app/SampleApp";
			};
			name = Release;
		};
/* End XCBuildConfiguration section */

/* Begin XCConfigurationList section */
		2260456C250B9C3B007191B2 /* Build configuration list for PBXProject "SampleApp" */ = {
			isa = XCConfigurationList;
			buildConfigurations = (
				2260458E250B9C3E007191B2 /* Debug */,
				2260458F250B9C3E007191B2 /* Release */,
			);
			defaultConfigurationIsVisible = 0;
			defaultConfigurationName = Release;
		};
		22604590250B9C3E007191B2 /* Build configuration list for PBXNativeTarget "SampleApp" */ = {
			isa = XCConfigurationList;
			buildConfigurations = (
				22604591250B9C3E007191B2 /* Debug */,
				22604592250B9C3E007191B2 /* Release */,
			);
			defaultConfigurationIsVisible = 0;
			defaultConfigurationName = Release;
		};
		22604593250B9C3E007191B2 /* Build configuration list for PBXNativeTarget "SampleAppTests" */ = {
			isa = XCConfigurationList;
			buildConfigurations = (
				22604594250B9C3E007191B2 /* Debug */,
				22604595250B9C3E007191B2 /* Release */,
			);
			defaultConfigurationIsVisible = 0;
			defaultConfigurationName = Release;
		};
/* End XCConfigurationList section */
	};
	rootObject = 22604569250B9C3B007191B2 /* Project object */;
}
